{
  "name": "anorak",
  "version": "0.1.0",
  "lockfileVersion": 1,
  "requires": true,
  "dependencies": {
    "autosuggest-highlight": {
      "version": "3.1.1",
      "resolved": "https://registry.npmjs.org/autosuggest-highlight/-/autosuggest-highlight-3.1.1.tgz",
      "integrity": "sha512-MQ6GNIGMMZbeA5FlBLXXgkZEthysCdYNkMV4MahB2/qB/9cwBnVsePUPnIqkMuzjzclTtDa67xln7cgLDu2f/g==",
      "requires": {
        "diacritic": "0.0.2"
      }
    },
    "diacritic": {
      "version": "0.0.2",
      "resolved": "https://registry.npmjs.org/diacritic/-/diacritic-0.0.2.tgz",
      "integrity": "sha1-/CqIe1pbwKCoVPthTHwvIJBh7gQ="
    },
    "js-tokens": {
      "version": "4.0.0",
      "resolved": "https://registry.npmjs.org/js-tokens/-/js-tokens-4.0.0.tgz",
      "integrity": "sha512-RdJUflcE3cUzKiMqQgsCu06FPu9UdIJO0beYbPhHN4k6apgJtifcoCtT9bcxOpYBtpD2kCM6Sbzg4CausW/PKQ=="
    },
    "lodash": {
      "version": "4.17.11",
      "resolved": "https://registry.npmjs.org/lodash/-/lodash-4.17.11.tgz",
      "integrity": "sha512-cQKh8igo5QUhZ7lg38DYWAxMvjSAKG0A8wGSVimP07SIUEK2UO+arSRKbRZWtelMtN5V0Hkwh5ryOto/SshYIg=="
    },
    "lodash.camelcase": {
      "version": "4.3.0",
      "resolved": "https://registry.npmjs.org/lodash.camelcase/-/lodash.camelcase-4.3.0.tgz",
      "integrity": "sha1-soqmKIorn8ZRA1x3EfZathkDMaY=",
      "dev": true
    },
    "loose-envify": {
      "version": "1.4.0",
      "resolved": "https://registry.npmjs.org/loose-envify/-/loose-envify-1.4.0.tgz",
      "integrity": "sha512-lyuxPGr/Wfhrlem2CL/UcnUc1zcqKAImBDzukY7Y5F/yQiNdko6+fRLevlw1HgMySw7f611UIY408EtxRSoK3Q==",
      "requires": {
        "js-tokens": "4.0.0"
      }
    },
    "object-assign": {
      "version": "4.1.1",
      "resolved": "https://registry.npmjs.org/object-assign/-/object-assign-4.1.1.tgz",
      "integrity": "sha1-IQmtx5ZYh8/AXLvUQsrIv7s2CGM="
    },
    "prop-types": {
      "version": "15.7.2",
      "resolved": "https://registry.npmjs.org/prop-types/-/prop-types-15.7.2.tgz",
      "integrity": "sha512-8QQikdH7//R2vurIJSutZ1smHYTcLpRWEOlHnzcWHmBYrOGUysKwSsrC89BCiFj3CbrfJ/nXFdJepOVrY1GCHQ==",
      "requires": {
        "loose-envify": "1.4.0",
        "object-assign": "4.1.1",
        "react-is": "16.8.6"
      }
    },
    "react-autosuggest": {
      "version": "9.4.3",
      "resolved": "https://registry.npmjs.org/react-autosuggest/-/react-autosuggest-9.4.3.tgz",
      "integrity": "sha512-wFbp5QpgFQRfw9cwKvcgLR8theikOUkv8PFsuLYqI2PUgVlx186Cz8MYt5bLxculi+jxGGUUVt+h0esaBZZouw==",
      "requires": {
        "prop-types": "15.7.2",
        "react-autowhatever": "10.2.0",
        "shallow-equal": "1.1.0"
      }
    },
    "react-autowhatever": {
      "version": "10.2.0",
      "resolved": "https://registry.npmjs.org/react-autowhatever/-/react-autowhatever-10.2.0.tgz",
      "integrity": "sha512-dqHH4uqiJldPMbL8hl/i2HV4E8FMTDEdVlOIbRqYnJi0kTpWseF9fJslk/KS9pGDnm80JkYzVI+nzFjnOG/u+g==",
      "requires": {
        "prop-types": "15.7.2",
        "react-themeable": "1.1.0",
        "section-iterator": "2.0.0"
      }
    },
    "react-electron-web-view": {
      "version": "2.0.1",
      "resolved": "https://registry.npmjs.org/react-electron-web-view/-/react-electron-web-view-2.0.1.tgz",
      "integrity": "sha1-mEt7u+t341vMqSHcUBIPyPKw8n0=",
      "dev": true,
      "requires": {
        "lodash.camelcase": "4.3.0"
      }
    },
    "react-is": {
      "version": "16.8.6",
      "resolved": "https://registry.npmjs.org/react-is/-/react-is-16.8.6.tgz",
      "integrity": "sha512-aUk3bHfZ2bRSVFFbbeVS4i+lNPZr3/WM5jT2J5omUVV1zzcs1nAaf3l51ctA5FFvCRbhrH0bdAsRRQddFJZPtA=="
    },
    "react-themeable": {
      "version": "1.1.0",
      "resolved": "https://registry.npmjs.org/react-themeable/-/react-themeable-1.1.0.tgz",
      "integrity": "sha1-fURm3ZsrX6dQWHJ4JenxUro3mg4=",
      "requires": {
        "object-assign": "3.0.0"
      },
      "dependencies": {
        "object-assign": {
          "version": "3.0.0",
          "resolved": "https://registry.npmjs.org/object-assign/-/object-assign-3.0.0.tgz",
          "integrity": "sha1-m+3VygiXlJvKR+f/QIBi1Un1h/I="
        }
      }
    },
    "section-iterator": {
      "version": "2.0.0",
      "resolved": "https://registry.npmjs.org/section-iterator/-/section-iterator-2.0.0.tgz",
      "integrity": "sha1-v0RNev7rlK1Dw5rS+yYVFifMuio="
    },
    "shallow-equal": {
      "version": "1.1.0",
      "resolved": "https://registry.npmjs.org/shallow-equal/-/shallow-equal-1.1.0.tgz",
      "integrity": "sha512-0SW1nWo1hnabO62SEeHsl8nmTVVEzguVWZCj5gaQrgWAxz/BaCja4OWdJBWLVPDxdtE/WU7c98uUCCXyPHSCvw=="
    }
  }
}
